# THIS IS AN AUTOGENERATED FILE. DO NOT EDIT THIS FILE DIRECTLY.
# yarn lockfile v1


"@types/node@^10.12.12":
  version "10.12.12"
  resolved "https://registry.yarnpkg.com/@types/node/-/node-10.12.12.tgz#e15a9d034d9210f00320ef718a50c4a799417c47"
  integrity sha512-Pr+6JRiKkfsFvmU/LK68oBRCQeEg36TyAbPhc2xpez24OOZZCuoIhWGTd39VZy6nGafSbxzGouFPTFD/rR1A0A==

ansi-regex@^2.0.0:
  version "2.1.1"
  resolved "https://registry.yarnpkg.com/ansi-regex/-/ansi-regex-2.1.1.tgz#c3b33ab5ee360d86e0e628f0468ae7ef27d654df"
  integrity sha1-w7M6te42DYbg5ijwRorn7yfWVN8=

ansi-styles@^2.2.1:
  version "2.2.1"
  resolved "https://registry.yarnpkg.com/ansi-styles/-/ansi-styles-2.2.1.tgz#b432dd3358b634cf75e1e4664368240533c1ddbe"
  integrity sha1-tDLdM1i2NM914eRmQ2gkBTPB3b4=

ansi-styles@^3.2.1:
  version "3.2.1"
  resolved "https://registry.yarnpkg.com/ansi-styles/-/ansi-styles-3.2.1.tgz#41fbb20243e50b12be0f04b8dedbf07520ce841d"
  integrity sha512-VT0ZI6kZRdTh8YyJw3SMbYm/u+NqfsAxEpWO0Pf9sq8/e94WxxOpPKx9FR1FlyCtOVDNOQ+8ntlqFxiRc+r5qA==
  dependencies:
    color-convert "^1.9.0"

argparse@^1.0.7:
  version "1.0.10"
  resolved "https://registry.yarnpkg.com/argparse/-/argparse-1.0.10.tgz#bcd6791ea5ae09725e17e5ad988134cd40b3d911"
  integrity sha512-o5Roy6tNG4SL/FOkCAN6RzjiakZS25RLYFrcMttJqbdd8BWrnA+fGz57iN5Pb06pvBGvl5gQ0B48dJlslXvoTg==
  dependencies:
    sprintf-js "~1.0.2"

babel-code-frame@^6.22.0:
  version "6.26.0"
  resolved "https://registry.yarnpkg.com/babel-code-frame/-/babel-code-frame-6.26.0.tgz#63fd43f7dc1e3bb7ce35947db8fe369a3f58c74b"
  integrity sha1-Y/1D99weO7fONZR9uP42mj9Yx0s=
  dependencies:
    chalk "^1.1.3"
    esutils "^2.0.2"
    js-tokens "^3.0.2"

balanced-match@^1.0.0:
  version "1.0.0"
  resolved "https://registry.yarnpkg.com/balanced-match/-/balanced-match-1.0.0.tgz#89b4d199ab2bee49de164ea02b89ce462d71b767"

brace-expansion@^1.1.7:
  version "1.1.11"
  resolved "https://registry.yarnpkg.com/brace-expansion/-/brace-expansion-1.1.11.tgz#3c7fcbf529d87226f3d2f52b966ff5271eb441dd"
  dependencies:
    balanced-match "^1.0.0"
    concat-map "0.0.1"

builtin-modules@^1.1.1:
  version "1.1.1"
  resolved "https://registry.yarnpkg.com/builtin-modules/-/builtin-modules-1.1.1.tgz#270f076c5a72c02f5b65a47df94c5fe3a278892f"
  integrity sha1-Jw8HbFpywC9bZaR9+Uxf46J4iS8=

caseless@^0.12.0:
  version "0.12.0"
  resolved "https://registry.yarnpkg.com/caseless/-/caseless-0.12.0.tgz#1b681c21ff84033c826543090689420d187151dc"
  integrity sha1-G2gcIf+EAzyCZUMJBolCDRhxUdw=

chalk@^1.1.3:
  version "1.1.3"
  resolved "https://registry.yarnpkg.com/chalk/-/chalk-1.1.3.tgz#a8115c55e4a702fe4d150abd3872822a7e09fc98"
  integrity sha1-qBFcVeSnAv5NFQq9OHKCKn4J/Jg=
  dependencies:
    ansi-styles "^2.2.1"
    escape-string-regexp "^1.0.2"
    has-ansi "^2.0.0"
    strip-ansi "^3.0.0"
    supports-color "^2.0.0"

chalk@^2.3.0:
  version "2.4.1"
  resolved "https://registry.yarnpkg.com/chalk/-/chalk-2.4.1.tgz#18c49ab16a037b6eb0152cc83e3471338215b66e"
  integrity sha512-ObN6h1v2fTJSmUXoS3nMQ92LbDK9be4TV+6G+omQlGJFdcUX5heKi1LZ1YnRMIgwTLEj3E24bT6tYni50rlCfQ==
  dependencies:
    ansi-styles "^3.2.1"
    escape-string-regexp "^1.0.5"
    supports-color "^5.3.0"

color-convert@^1.9.0:
  version "1.9.3"
  resolved "https://registry.yarnpkg.com/color-convert/-/color-convert-1.9.3.tgz#bb71850690e1f136567de629d2d5471deda4c1e8"
  integrity sha512-QfAUtd+vFdAtFQcC8CCyYt1fYWxSqAiK2cSD6zDB8N3cpsEBAvRxp9zOGg6G/SHHJYAT88/az/IuDGALsNVbGg==
  dependencies:
    color-name "1.1.3"

color-name@1.1.3:
  version "1.1.3"
  resolved "https://registry.yarnpkg.com/color-name/-/color-name-1.1.3.tgz#a7d0558bd89c42f795dd42328f740831ca53bc25"
  integrity sha1-p9BVi9icQveV3UIyj3QIMcpTvCU=

commander@^2.12.1:
  version "2.19.0"
  resolved "https://registry.yarnpkg.com/commander/-/commander-2.19.0.tgz#f6198aa84e5b83c46054b94ddedbfed5ee9ff12a"
  integrity sha512-6tvAOO+D6OENvRAh524Dh9jcfKTYDQAqvqezbCW82xj5X0pSrcpxtvRKHLG0yBY6SD7PSDrJaj+0AiOcKVd1Xg==

concat-map@0.0.1:
  version "0.0.1"
  resolved "https://registry.yarnpkg.com/concat-map/-/concat-map-0.0.1.tgz#d8a96bd77fd68df7793a73036a3ba0d5405d477b"

debug@^3.1.0:
  version "3.2.6"
  resolved "https://registry.yarnpkg.com/debug/-/debug-3.2.6.tgz#e83d17de16d8a7efb7717edbe5fb10135eee629b"
  integrity sha512-mel+jf7nrtEl5Pn1Qx46zARXKDpBbvzezse7p7LqINmdoIk8PYP5SySaxEmYv6TZ0JyEKA1hsCId6DIhgITtWQ==
  dependencies:
    ms "^2.1.1"

deep-equal@~1.0.1:
  version "1.0.1"
  resolved "https://registry.yarnpkg.com/deep-equal/-/deep-equal-1.0.1.tgz#f5d260292b660e084eff4cdbc9f08ad3247448b5"

define-properties@^1.1.2:
  version "1.1.2"
  resolved "https://registry.yarnpkg.com/define-properties/-/define-properties-1.1.2.tgz#83a73f2fea569898fb737193c8f873caf6d45c94"
  dependencies:
    foreach "^2.0.5"
    object-keys "^1.0.8"

defined@~1.0.0:
  version "1.0.0"
  resolved "https://registry.yarnpkg.com/defined/-/defined-1.0.0.tgz#c98d9bcef75674188e110969151199e39b1fa693"

diff@^3.2.0:
  version "3.5.0"
  resolved "https://registry.yarnpkg.com/diff/-/diff-3.5.0.tgz#800c0dd1e0a8bfbc95835c202ad220fe317e5a12"
  integrity sha512-A46qtFgd+g7pDZinpnwiRJtxbC1hpgf0uzP3iG89scHk0AUC7A1TGxf5OiiOUv/JMZR8GOt8hL900hV0bOy5xA==

embellish-readme@1.3.2:
  version "1.3.2"
  resolved "https://registry.yarnpkg.com/embellish-readme/-/embellish-readme-1.3.2.tgz#72b52aa1f4a8407c316c3c9f0f1bd66c320754a6"
  integrity sha512-wty4WBg2dhSZOEJ20opx6YHfZFPJFUY30iIDZ8gP7GMb7129vPROI/5haZawvOjPkfIr5skjWoHdIn3gVqiA3A==
  dependencies:
    debug "^3.1.0"
    formatter "^0.4.1"
    marked-ast "^0.3.0"
    marked-ast-markdown "^1.3.0"
    out "^1.0.0"
    r2 "^2.0.1"

entities@^1.1.1:
  version "1.1.2"
  resolved "https://registry.yarnpkg.com/entities/-/entities-1.1.2.tgz#bdfa735299664dfafd34529ed4f8522a275fea56"
  integrity sha512-f2LZMYl1Fzu7YSBKg+RoROelpOaNrcGmE9AZubeDfrCEia483oW4MI4VyFd5VNHIgQ/7qm1I0wUHK1eJnn2y2w==

es-abstract@^1.5.0:
  version "1.11.0"
  resolved "https://registry.yarnpkg.com/es-abstract/-/es-abstract-1.11.0.tgz#cce87d518f0496893b1a30cd8461835535480681"
  dependencies:
    es-to-primitive "^1.1.1"
    function-bind "^1.1.1"
    has "^1.0.1"
    is-callable "^1.1.3"
    is-regex "^1.0.4"

es-to-primitive@^1.1.1:
  version "1.1.1"
  resolved "https://registry.yarnpkg.com/es-to-primitive/-/es-to-primitive-1.1.1.tgz#45355248a88979034b6792e19bb81f2b7975dd0d"
  dependencies:
    is-callable "^1.1.1"
    is-date-object "^1.0.1"
    is-symbol "^1.0.1"

escape-string-regexp@^1.0.2, escape-string-regexp@^1.0.5:
  version "1.0.5"
  resolved "https://registry.yarnpkg.com/escape-string-regexp/-/escape-string-regexp-1.0.5.tgz#1b61c0562190a8dff6ae3bb2cf0200ca130b86d4"
  integrity sha1-G2HAViGQqN/2rjuyzwIAyhMLhtQ=

esprima@^4.0.0:
  version "4.0.1"
  resolved "https://registry.yarnpkg.com/esprima/-/esprima-4.0.1.tgz#13b04cdb3e6c5d19df91ab6987a8695619b0aa71"
  integrity sha512-eGuFFw7Upda+g4p+QHvnW0RyTX/SVeJBDM/gCtMARO0cLuT2HcEKnTPvhjV6aGeqrCB/sbNop0Kszm0jsaWU4A==

esutils@^2.0.2:
  version "2.0.2"
  resolved "https://registry.yarnpkg.com/esutils/-/esutils-2.0.2.tgz#0abf4f1caa5bcb1f7a9d8acc6dea4faaa04bac9b"
  integrity sha1-Cr9PHKpbyx96nYrMbepPqqBLrJs=

for-each@~0.3.2:
  version "0.3.2"
  resolved "https://registry.yarnpkg.com/for-each/-/for-each-0.3.2.tgz#2c40450b9348e97f281322593ba96704b9abd4d4"
  dependencies:
    is-function "~1.0.0"

foreach@^2.0.5:
  version "2.0.5"
  resolved "https://registry.yarnpkg.com/foreach/-/foreach-2.0.5.tgz#0bee005018aeb260d0a3af3ae658dd0136ec1b99"

formatter@^0.4.1:
  version "0.4.1"
  resolved "https://registry.yarnpkg.com/formatter/-/formatter-0.4.1.tgz#f43afedf8f2e7454ceae02ce45567a9fa3277fb8"
  integrity sha1-9Dr+348udFTOrgLORVZ6n6Mnf7g=

fs.realpath@^1.0.0:
  version "1.0.0"
  resolved "https://registry.yarnpkg.com/fs.realpath/-/fs.realpath-1.0.0.tgz#1504ad2523158caa40db4a2787cb01411994ea4f"

function-bind@^1.0.2, function-bind@^1.1.1, function-bind@~1.1.1:
  version "1.1.1"
  resolved "https://registry.yarnpkg.com/function-bind/-/function-bind-1.1.1.tgz#a56899d3ea3c9bab874bb9773b7c5ede92f4895d"

glob@^7.1.1:
  version "7.1.3"
  resolved "https://registry.yarnpkg.com/glob/-/glob-7.1.3.tgz#3960832d3f1574108342dafd3a67b332c0969df1"
  integrity sha512-vcfuiIxogLV4DlGBHIUOwI0IbrJ8HWPc4MU7HzviGeNho/UJDfi6B5p3sHeWIQ0KGIU0Jpxi5ZHxemQfLkkAwQ==
  dependencies:
    fs.realpath "^1.0.0"
    inflight "^1.0.4"
    inherits "2"
    minimatch "^3.0.4"
    once "^1.3.0"
    path-is-absolute "^1.0.0"

glob@~7.1.2:
  version "7.1.2"
  resolved "https://registry.yarnpkg.com/glob/-/glob-7.1.2.tgz#c19c9df9a028702d678612384a6552404c636d15"
  dependencies:
    fs.realpath "^1.0.0"
    inflight "^1.0.4"
    inherits "2"
    minimatch "^3.0.4"
    once "^1.3.0"
    path-is-absolute "^1.0.0"

has-ansi@^2.0.0:
  version "2.0.0"
  resolved "https://registry.yarnpkg.com/has-ansi/-/has-ansi-2.0.0.tgz#34f5049ce1ecdf2b0649af3ef24e45ed35416d91"
  integrity sha1-NPUEnOHs3ysGSa8+8k5F7TVBbZE=
  dependencies:
    ansi-regex "^2.0.0"

has-flag@^3.0.0:
  version "3.0.0"
  resolved "https://registry.yarnpkg.com/has-flag/-/has-flag-3.0.0.tgz#b5d454dc2199ae225699f3467e5a07f3b955bafd"
  integrity sha1-tdRU3CGZriJWmfNGfloH87lVuv0=

has@^1.0.1, has@~1.0.1:
  version "1.0.1"
  resolved "https://registry.yarnpkg.com/has/-/has-1.0.1.tgz#8461733f538b0837c9361e39a9ab9e9704dc2f28"
  dependencies:
    function-bind "^1.0.2"

inflight@^1.0.4:
  version "1.0.6"
  resolved "https://registry.yarnpkg.com/inflight/-/inflight-1.0.6.tgz#49bd6331d7d02d0c09bc910a1075ba8165b56df9"
  dependencies:
    once "^1.3.0"
    wrappy "1"

inherits@2, inherits@~2.0.3:
  version "2.0.3"
  resolved "https://registry.yarnpkg.com/inherits/-/inherits-2.0.3.tgz#633c2c83e3da42a502f52466022480f4208261de"

is-callable@^1.1.1, is-callable@^1.1.3:
  version "1.1.3"
  resolved "https://registry.yarnpkg.com/is-callable/-/is-callable-1.1.3.tgz#86eb75392805ddc33af71c92a0eedf74ee7604b2"

is-date-object@^1.0.1:
  version "1.0.1"
  resolved "https://registry.yarnpkg.com/is-date-object/-/is-date-object-1.0.1.tgz#9aa20eb6aeebbff77fbd33e74ca01b33581d3a16"

is-function@~1.0.0:
  version "1.0.1"
  resolved "https://registry.yarnpkg.com/is-function/-/is-function-1.0.1.tgz#12cfb98b65b57dd3d193a3121f5f6e2f437602b5"

is-regex@^1.0.4:
  version "1.0.4"
  resolved "https://registry.yarnpkg.com/is-regex/-/is-regex-1.0.4.tgz#5517489b547091b0930e095654ced25ee97e9491"
  dependencies:
    has "^1.0.1"

is-symbol@^1.0.1:
  version "1.0.1"
  resolved "https://registry.yarnpkg.com/is-symbol/-/is-symbol-1.0.1.tgz#3cc59f00025194b6ab2e38dbae6689256b660572"

is-typedarray@^1.0.0:
  version "1.0.0"
  resolved "https://registry.yarnpkg.com/is-typedarray/-/is-typedarray-1.0.0.tgz#e479c80858df0c1b11ddda6940f96011fcda4a9a"
  integrity sha1-5HnICFjfDBsR3dppQPlgEfzaSpo=

js-tokens@^3.0.2:
  version "3.0.2"
  resolved "https://registry.yarnpkg.com/js-tokens/-/js-tokens-3.0.2.tgz#9866df395102130e38f7f996bceb65443209c25b"
  integrity sha1-mGbfOVECEw449/mWvOtlRDIJwls=

js-yaml@^3.7.0:
  version "3.12.0"
  resolved "https://registry.yarnpkg.com/js-yaml/-/js-yaml-3.12.0.tgz#eaed656ec8344f10f527c6bfa1b6e2244de167d1"
  integrity sha512-PIt2cnwmPfL4hKNwqeiuz4bKfnzHTBv6HyVgjahA6mPLwPDzjDWrplJBMjHUFxku/N3FlmrbyPclad+I+4mJ3A==
  dependencies:
    argparse "^1.0.7"
    esprima "^4.0.0"

marked-ast-markdown@^1.3.0:
  version "1.3.0"
  resolved "https://registry.yarnpkg.com/marked-ast-markdown/-/marked-ast-markdown-1.3.0.tgz#3325a1e23fd7b7a57c69c854196699b520397374"
  integrity sha1-MyWh4j/Xt6V8achUGWaZtSA5c3Q=
  dependencies:
    entities "^1.1.1"
    whisk "^1.0.0"

marked-ast@^0.3.0:
  version "0.3.0"
  resolved "https://registry.yarnpkg.com/marked-ast/-/marked-ast-0.3.0.tgz#dc119d9109fd0be98e915d1e643b9ea24606daec"
  integrity sha1-3BGdkQn9C+mOkV0eZDueokYG2uw=

minimatch@^3.0.4:
  version "3.0.4"
  resolved "https://registry.yarnpkg.com/minimatch/-/minimatch-3.0.4.tgz#5166e286457f03306064be5497e8dbb0c3d32083"
  dependencies:
    brace-expansion "^1.1.7"

minimist@~1.2.0:
  version "1.2.0"
  resolved "https://registry.yarnpkg.com/minimist/-/minimist-1.2.0.tgz#a35008b20f41383eec1fb914f4cd5df79a264284"

ms@^2.1.1:
  version "2.1.1"
  resolved "https://registry.yarnpkg.com/ms/-/ms-2.1.1.tgz#30a5864eb3ebb0a66f2ebe6d727af06a09d86e0a"
  integrity sha512-tgp+dl5cGk28utYktBsrFqA7HKgrhgPsg6Z/EfhWI4gl1Hwq8B/GmY/0oXZ6nF8hDVesS/FpnYaD/kOWhYQvyg==

node-fetch@^2.0.0-alpha.8:
  version "2.3.0"
  resolved "https://registry.yarnpkg.com/node-fetch/-/node-fetch-2.3.0.tgz#1a1d940bbfb916a1d3e0219f037e89e71f8c5fa5"
  integrity sha512-MOd8pV3fxENbryESLgVIeaGKrdl+uaYhCSSVkjeOb/31/njTpcis5aWfdqgNlHIrKOLRbMnfPINPOML2CIFeXA==

object-inspect@~1.5.0:
  version "1.5.0"
  resolved "https://registry.yarnpkg.com/object-inspect/-/object-inspect-1.5.0.tgz#9d876c11e40f485c79215670281b767488f9bfe3"

object-keys@^1.0.8:
  version "1.0.11"
  resolved "https://registry.yarnpkg.com/object-keys/-/object-keys-1.0.11.tgz#c54601778ad560f1142ce0e01bcca8b56d13426d"

once@^1.3.0:
  version "1.4.0"
  resolved "https://registry.yarnpkg.com/once/-/once-1.4.0.tgz#583b1aa775961d4b113ac17d9c50baef9dd76bd1"
  dependencies:
    wrappy "1"

out@^1.0.0:
  version "1.1.0"
  resolved "https://registry.yarnpkg.com/out/-/out-1.1.0.tgz#d607bd5315e3a1733ecddc29b475ddf0c98c672b"
  integrity sha512-TfynqaVK+Z42/Cn5zwmdQsCLSs+WGmH+QhPHXhpuYhyiRGlUw/8FKd1LKPAL6B4f1sjIl+zLDegOjDpv6FOfRQ==

path-is-absolute@^1.0.0:
  version "1.0.1"
  resolved "https://registry.yarnpkg.com/path-is-absolute/-/path-is-absolute-1.0.1.tgz#174b9268735534ffbc7ace6bf53a5a9e1b5c5f5f"

path-parse@^1.0.5:
  version "1.0.5"
  resolved "https://registry.yarnpkg.com/path-parse/-/path-parse-1.0.5.tgz#3c1adf871ea9cd6c9431b6ea2bd74a0ff055c4c1"

r2@^2.0.1:
  version "2.0.1"
  resolved "https://registry.yarnpkg.com/r2/-/r2-2.0.1.tgz#94cd802ecfce9a622549c8182032d8e4a2b2e612"
  integrity sha512-EEmxoxYCe3LHzAUhRIRxdCKERpeRNmlLj6KLUSORqnK6dWl/K5ShmDGZqM2lRZQeqJgF+wyqk0s1M7SWUveNOQ==
  dependencies:
    caseless "^0.12.0"
    node-fetch "^2.0.0-alpha.8"
    typedarray-to-buffer "^3.1.2"

resolve@^1.3.2:
  version "1.8.1"
  resolved "https://registry.yarnpkg.com/resolve/-/resolve-1.8.1.tgz#82f1ec19a423ac1fbd080b0bab06ba36e84a7a26"
  integrity sha512-AicPrAC7Qu1JxPCZ9ZgCZlY35QgFnNqc+0LtbRNxnVw4TXvjQ72wnuL9JQcEBgXkI9JM8MsT9kaQoHcpCRJOYA==
  dependencies:
    path-parse "^1.0.5"

resolve@~1.5.0:
  version "1.5.0"
  resolved "https://registry.yarnpkg.com/resolve/-/resolve-1.5.0.tgz#1f09acce796c9a762579f31b2c1cc4c3cddf9f36"
  dependencies:
    path-parse "^1.0.5"

resumer@~0.0.0:
  version "0.0.0"
  resolved "https://registry.yarnpkg.com/resumer/-/resumer-0.0.0.tgz#f1e8f461e4064ba39e82af3cdc2a8c893d076759"
  dependencies:
    through "~2.3.4"

semver@^5.0.3:
  version "5.5.0"
  resolved "https://registry.yarnpkg.com/semver/-/semver-5.5.0.tgz#dc4bbc7a6ca9d916dee5d43516f0092b58f7b8ab"

semver@^5.3.0:
  version "5.6.0"
  resolved "https://registry.yarnpkg.com/semver/-/semver-5.6.0.tgz#7e74256fbaa49c75aa7c7a205cc22799cac80004"
  integrity sha512-RS9R6R35NYgQn++fkDWaOmqGoj4Ek9gGs+DPxNUZKuwE183xjJroKvyo1IzVFeXvUrvmALy6FWD5xrdJT25gMg==

sprintf-js@~1.0.2:
  version "1.0.3"
  resolved "https://registry.yarnpkg.com/sprintf-js/-/sprintf-js-1.0.3.tgz#04e6926f662895354f3dd015203633b857297e2c"
  integrity sha1-BOaSb2YolTVPPdAVIDYzuFcpfiw=

string.prototype.trim@~1.1.2:
  version "1.1.2"
  resolved "https://registry.yarnpkg.com/string.prototype.trim/-/string.prototype.trim-1.1.2.tgz#d04de2c89e137f4d7d206f086b5ed2fae6be8cea"
  dependencies:
    define-properties "^1.1.2"
    es-abstract "^1.5.0"
    function-bind "^1.0.2"

strip-ansi@^3.0.0:
  version "3.0.1"
  resolved "https://registry.yarnpkg.com/strip-ansi/-/strip-ansi-3.0.1.tgz#6a385fb8853d952d5ff05d0e8aaf94278dc63dcf"
  integrity sha1-ajhfuIU9lS1f8F0Oiq+UJ43GPc8=
  dependencies:
    ansi-regex "^2.0.0"

supports-color@^2.0.0:
  version "2.0.0"
  resolved "https://registry.yarnpkg.com/supports-color/-/supports-color-2.0.0.tgz#535d045ce6b6363fa40117084629995e9df324c7"
  integrity sha1-U10EXOa2Nj+kARcIRimZXp3zJMc=

supports-color@^5.3.0:
  version "5.5.0"
  resolved "https://registry.yarnpkg.com/supports-color/-/supports-color-5.5.0.tgz#e2e69a44ac8772f78a1ec0b35b689df6530efc8f"
  integrity sha512-QjVjwdXIt408MIiAqCX4oUKsgU2EqAGzs2Ppkm4aQYbjm+ZEWEcW4SfFNTr4uMNZma0ey4f5lgLrkB0aX0QMow==
  dependencies:
    has-flag "^3.0.0"

tape@^4.2.2:
  version "4.9.0"
  resolved "https://registry.yarnpkg.com/tape/-/tape-4.9.0.tgz#855c08360395133709d34d3fbf9ef341eb73ca6a"
  dependencies:
    deep-equal "~1.0.1"
    defined "~1.0.0"
    for-each "~0.3.2"
    function-bind "~1.1.1"
    glob "~7.1.2"
    has "~1.0.1"
    inherits "~2.0.3"
    minimist "~1.2.0"
    object-inspect "~1.5.0"
    resolve "~1.5.0"
    resumer "~0.0.0"
    string.prototype.trim "~1.1.2"
    through "~2.3.8"

through@~2.3.4, through@~2.3.8:
  version "2.3.8"
  resolved "https://registry.yarnpkg.com/through/-/through-2.3.8.tgz#0dd4c9ffaabc357960b1b724115d7e0e86a2e1f5"

tslib@^1.8.0, tslib@^1.8.1:
  version "1.9.3"
  resolved "https://registry.yarnpkg.com/tslib/-/tslib-1.9.3.tgz#d7e4dd79245d85428c4d7e4822a79917954ca286"
  integrity sha512-4krF8scpejhaOgqzBEcGM7yDIEfi0/8+8zDRZhNZZ2kjmHJ4hv3zCbQWxoJGz1iw5U0Jl0nma13xzHXcncMavQ==

tslint@^5.11.0:
  version "5.11.0"
  resolved "https://registry.yarnpkg.com/tslint/-/tslint-5.11.0.tgz#98f30c02eae3cde7006201e4c33cb08b48581eed"
  integrity sha1-mPMMAurjzecAYgHkwzywi0hYHu0=
  dependencies:
    babel-code-frame "^6.22.0"
    builtin-modules "^1.1.1"
    chalk "^2.3.0"
    commander "^2.12.1"
    diff "^3.2.0"
    glob "^7.1.1"
    js-yaml "^3.7.0"
    minimatch "^3.0.4"
    resolve "^1.3.2"
    semver "^5.3.0"
    tslib "^1.8.0"
    tsutils "^2.27.2"

tsutils@^2.27.2:
  version "2.29.0"
  resolved "https://registry.yarnpkg.com/tsutils/-/tsutils-2.29.0.tgz#32b488501467acbedd4b85498673a0812aca0b99"
  integrity sha512-g5JVHCIJwzfISaXpXE1qvNalca5Jwob6FjI4AoPlqMusJ6ftFE7IkkFoMhVLRgK+4Kx3gkzb8UZK5t5yTTvEmA==
  dependencies:
    tslib "^1.8.1"

typedarray-to-buffer@^3.1.2:
  version "3.1.5"
  resolved "https://registry.yarnpkg.com/typedarray-to-buffer/-/typedarray-to-buffer-3.1.5.tgz#a97ee7a9ff42691b9f783ff1bc5112fe3fca9080"
  integrity sha512-zdu8XMNEDepKKR+XYOXAVPtWui0ly0NtohUscw+UmaHiAWT8hrV1rr//H6V+0DvJ3OQ19S979M0laLfX8rm82Q==
  dependencies:
    is-typedarray "^1.0.0"

typescript@^3.2.1:
  version "3.2.1"
  resolved "https://registry.yarnpkg.com/typescript/-/typescript-3.2.1.tgz#0b7a04b8cf3868188de914d9568bd030f0c56192"
  integrity sha512-jw7P2z/h6aPT4AENXDGjcfHTu5CSqzsbZc6YlUIebTyBAq8XaKp78x7VcSh30xwSCcsu5irZkYZUSFP1MrAMbg==

whisk@^1.0.0:
  version "1.4.0"
  resolved "https://registry.yarnpkg.com/whisk/-/whisk-1.4.0.tgz#c3fe50b0f585ba73d5915da477c6735c135e8811"
  integrity sha512-uh4+hibHa+HxUTUwpP9iiAgyniVB4UBbI6QK2feiv1U9t6PSS32hl/xeAmf0RZhHKXVn3nnNQiju1RzBYVclCg==

wrappy@1:
  version "1.0.2"
  resolved "https://registry.yarnpkg.com/wrappy/-/wrappy-1.0.2.tgz#b5243d8f3ec1aa35f1364605bc0d1036e30ab69f"
